<?xml version="1.0" encoding="utf-8"?>
<Project ToolsVersion="4.0" xmlns="http://schemas.microsoft.com/developer/msbuild/2003">
  <ItemGroup>
    <Filter Include="Source Files">
      <UniqueIdentifier>{4FC737F1-C7A5-4376-A066-2A32D752A2FF}</UniqueIdentifier>
      <Extensions>cpp;c;cc;cxx;def;odl;idl;hpj;bat;asm;asmx</Extensions>
    </Filter>
    <Filter Include="Header Files">
      <UniqueIdentifier>{93995380-89BD-4b04-88EB-625FBE52EBFB}</UniqueIdentifier>
      <Extensions>h;hh;hpp;hxx;hm;inl;inc;xsd</Extensions>
    </Filter>
    <Filter Include="Source Files\Resource Files">
      <UniqueIdentifier>{67DA6AB6-F800-4c08-8B7A-83BB121AAD01}</UniqueIdentifier>
      <Extensions>rc;ico;cur;bmp;dlg;rc2;rct;bin;rgs;gif;jpg;jpeg;jpe;resx;tiff;tif;png;wav;mfcribbon-ms</Extensions>
    </Filter>
  </ItemGroup>
  <ItemGroup>
    <ClInclude Include="BasicStuff.h">
      <Filter>Header Files</Filter>
    </ClInclude>
    <ClInclude Include="BasicStuffIncludes.h">
      <Filter>Header Files</Filter>
    </ClInclude>
    <ClInclude Include="Boss1.h">
      <Filter>Header Files</Filter>
    </ClInclude>
    <ClInclude Include="Boss1Weapon.h">
      <Filter>Header Files</Filter>
    </ClInclude>
    <ClInclude Include="Boss2.h">
      <Filter>Header Files</Filter>
    </ClInclude>
    <ClInclude Include="Boss2Weapon.h">
      <Filter>Header Files</Filter>
    </ClInclude>
    <ClInclude Include="Boss3.h">
      <Filter>Header Files</Filter>
    </ClInclude>
    <ClInclude Include="Boss3firstWeapon.h">
      <Filter>Header Files</Filter>
    </ClInclude>
    <ClInclude Include="Boss3SecWeapon.h">
      <Filter>Header Files</Filter>
    </ClInclude>
    <ClInclude Include="Bullet.h">
      <Filter>Header Files</Filter>
    </ClInclude>
    <ClInclude Include="Collision.h">
      <Filter>Header Files</Filter>
    </ClInclude>
    <ClInclude Include="CollisionManager.h">
      <Filter>Header Files</Filter>
    </ClInclude>
    <ClInclude Include="DiffSet.h">
      <Filter>Header Files</Filter>
    </ClInclude>
    <ClInclude Include="DoubleShot.h">
      <Filter>Header Files</Filter>
    </ClInclude>
    <ClInclude Include="Enemy.h">
      <Filter>Header Files</Filter>
    </ClInclude>
    <ClInclude Include="EnemyFormation.h">
      <Filter>Header Files</Filter>
    </ClInclude>
    <ClInclude Include="Entity.h">
      <Filter>Header Files</Filter>
    </ClInclude>
    <ClInclude Include="EntityIncludes.h">
      <Filter>Header Files</Filter>
    </ClInclude>
    <ClInclude Include="EventHandler.h">
      <Filter>Header Files</Filter>
    </ClInclude>
    <ClInclude Include="Game.h">
      <Filter>Header Files</Filter>
    </ClInclude>
    <ClInclude Include="GameState.h">
      <Filter>Header Files</Filter>
    </ClInclude>
    <ClInclude Include="GraphicSet.h">
      <Filter>Header Files</Filter>
    </ClInclude>
    <ClInclude Include="GUI.h">
      <Filter>Header Files</Filter>
    </ClInclude>
    <ClInclude Include="HealthDrop.h">
      <Filter>Header Files</Filter>
    </ClInclude>
    <ClInclude Include="Highscore.h">
      <Filter>Header Files</Filter>
    </ClInclude>
    <ClInclude Include="HighscoreList.h">
      <Filter>Header Files</Filter>
    </ClInclude>
    <ClInclude Include="HighscoreManager.h">
      <Filter>Header Files</Filter>
    </ClInclude>
    <ClInclude Include="IngameSfx.h">
      <Filter>Header Files</Filter>
    </ClInclude>
    <ClInclude Include="Intro.h">
      <Filter>Header Files</Filter>
    </ClInclude>
    <ClInclude Include="IOdiff.h">
      <Filter>Header Files</Filter>
    </ClInclude>
    <ClInclude Include="IOHighscore.h">
      <Filter>Header Files</Filter>
    </ClInclude>
    <ClInclude Include="IOscreen.h">
      <Filter>Header Files</Filter>
    </ClInclude>
    <ClInclude Include="IOsmooth.h">
      <Filter>Header Files</Filter>
    </ClInclude>
    <ClInclude Include="IOsound.h">
      <Filter>Header Files</Filter>
    </ClInclude>
    <ClInclude Include="IOstuff.h">
      <Filter>Header Files</Filter>
    </ClInclude>
    <ClInclude Include="IOtwoPlayer.h">
      <Filter>Header Files</Filter>
    </ClInclude>
    <ClInclude Include="MainMenuState.h">
      <Filter>Header Files</Filter>
    </ClInclude>
    <ClInclude Include="Menu.h">
      <Filter>Header Files</Filter>
    </ClInclude>
    <ClInclude Include="MenuSfx.h">
      <Filter>Header Files</Filter>
    </ClInclude>
    <ClInclude Include="MessageHandler.h">
      <Filter>Header Files</Filter>
    </ClInclude>
    <ClInclude Include="Music.h">
      <Filter>Header Files</Filter>
    </ClInclude>
    <ClInclude Include="Pew.h">
      <Filter>Header Files</Filter>
    </ClInclude>
    <ClInclude Include="Player.h">
      <Filter>Header Files</Filter>
    </ClInclude>
    <ClInclude Include="Player2.h">
      <Filter>Header Files</Filter>
    </ClInclude>
    <ClInclude Include="PlayState.h">
      <Filter>Header Files</Filter>
    </ClInclude>
    <ClInclude Include="RenderManager.h">
      <Filter>Header Files</Filter>
    </ClInclude>
    <ClInclude Include="Settings.h">
      <Filter>Header Files</Filter>
    </ClInclude>
    <ClInclude Include="SoundSet.h">
      <Filter>Header Files</Filter>
    </ClInclude>
    <ClInclude Include="SpawnManager.h">
      <Filter>Header Files</Filter>
    </ClInclude>
    <ClInclude Include="SplashState.h">
      <Filter>Header Files</Filter>
    </ClInclude>
    <ClInclude Include="StateManager.h">
      <Filter>Header Files</Filter>
    </ClInclude>
    <ClInclude Include="UnlockPew.h">
      <Filter>Header Files</Filter>
    </ClInclude>
    <ClInclude Include="UpdateManager.h">
      <Filter>Header Files</Filter>
    </ClInclude>
    <ClInclude Include="VectorOperation.h">
      <Filter>Header Files</Filter>
    </ClInclude>
    <ClInclude Include="WeaponManager.h">
      <Filter>Header Files</Filter>
    </ClInclude>
    <ClInclude Include="WindowStates.h">
      <Filter>Header Files</Filter>
    </ClInclude>
    <ClInclude Include="camel.h">
      <Filter>Header Files</Filter>
    </ClInclude>
    <ClInclude Include="bullets.h">
      <Filter>Header Files</Filter>
    </ClInclude>
    <ClInclude Include="doggo.h">
      <Filter>Header Files</Filter>
    </ClInclude>
  </ItemGroup>
  <ItemGroup>
    <ClCompile Include="BasicStuff.cpp">
      <Filter>Source Files</Filter>
    </ClCompile>
    <ClCompile Include="Boss1.cpp">
      <Filter>Source Files</Filter>
    </ClCompile>
    <ClCompile Include="Boss1Weapon.cpp">
      <Filter>Source Files</Filter>
    </ClCompile>
    <ClCompile Include="Boss2.cpp">
      <Filter>Source Files</Filter>
    </ClCompile>
    <ClCompile Include="Boss2Weapon.cpp">
      <Filter>Source Files</Filter>
    </ClCompile>
    <ClCompile Include="Boss3.cpp">
      <Filter>Source Files</Filter>
    </ClCompile>
    <ClCompile Include="Boss3firstWeapon.cpp">
      <Filter>Source Files</Filter>
    </ClCompile>
    <ClCompile Include="Boss3SecWeapon.cpp">
      <Filter>Source Files</Filter>
    </ClCompile>
    <ClCompile Include="Bullet.cpp">
      <Filter>Source Files</Filter>
    </ClCompile>
    <ClCompile Include="Collision.cpp">
      <Filter>Source Files</Filter>
    </ClCompile>
    <ClCompile Include="DiffSet.cpp">
      <Filter>Source Files</Filter>
    </ClCompile>
    <ClCompile Include="DoubleShot.cpp">
      <Filter>Source Files</Filter>
    </ClCompile>
    <ClCompile Include="Enemy.cpp">
      <Filter>Source Files</Filter>
    </ClCompile>
    <ClCompile Include="EnemyFormation.cpp">
      <Filter>Source Files</Filter>
    </ClCompile>
    <ClCompile Include="Entity.cpp">
      <Filter>Source Files</Filter>
    </ClCompile>
    <ClCompile Include="Game.cpp">
      <Filter>Source Files</Filter>
    </ClCompile>
    <ClCompile Include="GraphicSet.cpp">
      <Filter>Source Files</Filter>
    </ClCompile>
    <ClCompile Include="GUI.cpp">
      <Filter>Source Files</Filter>
    </ClCompile>
    <ClCompile Include="HealthDrop.cpp">
      <Filter>Source Files</Filter>
    </ClCompile>
    <ClCompile Include="Highscore.cpp">
      <Filter>Source Files</Filter>
    </ClCompile>
    <ClCompile Include="HighscoreList.cpp">
      <Filter>Source Files</Filter>
    </ClCompile>
    <ClCompile Include="HighscoreManager.cpp">
      <Filter>Source Files</Filter>
    </ClCompile>
    <ClCompile Include="IngameSfx.cpp">
      <Filter>Source Files</Filter>
    </ClCompile>
    <ClCompile Include="Intro.cpp">
      <Filter>Source Files</Filter>
    </ClCompile>
    <ClCompile Include="IOdiff.cpp">
      <Filter>Source Files</Filter>
    </ClCompile>
    <ClCompile Include="IOHighscore.cpp">
      <Filter>Source Files</Filter>
    </ClCompile>
    <ClCompile Include="IOscreen.cpp">
      <Filter>Source Files</Filter>
    </ClCompile>
    <ClCompile Include="IOsmooth.cpp">
      <Filter>Source Files</Filter>
    </ClCompile>
    <ClCompile Include="IOsound.cpp">
      <Filter>Source Files</Filter>
    </ClCompile>
    <ClCompile Include="IOstuff.cpp">
      <Filter>Source Files</Filter>
    </ClCompile>
    <ClCompile Include="IOtwoPlayer.cpp">
      <Filter>Source Files</Filter>
    </ClCompile>
    <ClCompile Include="main.cpp">
      <Filter>Source Files</Filter>
    </ClCompile>
    <ClCompile Include="MainMenuState.cpp">
      <Filter>Source Files</Filter>
    </ClCompile>
    <ClCompile Include="MenuSfx.cpp">
      <Filter>Source Files</Filter>
    </ClCompile>
    <ClCompile Include="MessageHandler.cpp">
      <Filter>Source Files</Filter>
    </ClCompile>
    <ClCompile Include="Music.cpp">
      <Filter>Source Files</Filter>
    </ClCompile>
    <ClCompile Include="Pew.cpp">
      <Filter>Source Files</Filter>
    </ClCompile>
    <ClCompile Include="Player.cpp">
      <Filter>Source Files</Filter>
    </ClCompile>
    <ClCompile Include="Player2.cpp">
      <Filter>Source Files</Filter>
    </ClCompile>
    <ClCompile Include="PlayState.cpp">
      <Filter>Source Files</Filter>
    </ClCompile>
    <ClCompile Include="Settings.cpp">
      <Filter>Source Files</Filter>
    </ClCompile>
    <ClCompile Include="SoundSet.cpp">
      <Filter>Source Files</Filter>
    </ClCompile>
    <ClCompile Include="SpawnManager.cpp">
      <Filter>Source Files</Filter>
    </ClCompile>
    <ClCompile Include="SplashState.cpp">
      <Filter>Source Files</Filter>
    </ClCompile>
    <ClCompile Include="UnlockPew.cpp">
      <Filter>Source Files</Filter>
    </ClCompile>
    <ClCompile Include="WeaponManager.cpp">
      <Filter>Source Files</Filter>
    </ClCompile>
    <ClCompile Include="camel.cpp">
      <Filter>Source Files</Filter>
    </ClCompile>
    <ClCompile Include="bullets.cpp">
      <Filter>Source Files</Filter>
    </ClCompile>
    <ClCompile Include="doggo.cpp">
      <Filter>Source Files</Filter>
    </ClCompile>
  </ItemGroup>
</Project>